// !$*UTF8*$!
{
	archiveVersion = 1;
	classes = {
	};
	objectVersion = 50;
	objects = {

/* Begin PBXBuildFile section */
		55A6A382263F912600129EBB /* covid_gameApp.swift in Sources */ = {isa = PBXBuildFile; fileRef = 55A6A381263F912600129EBB /* covid_gameApp.swift */; };
		55A6A384263F912600129EBB /* gameView.swift in Sources */ = {isa = PBXBuildFile; fileRef = 55A6A383263F912600129EBB /* gameView.swift */; };
		55A6A386263F912C00129EBB /* Assets.xcassets in Resources */ = {isa = PBXBuildFile; fileRef = 55A6A385263F912C00129EBB /* Assets.xcassets */; };
		55A6A389263F912C00129EBB /* Preview Assets.xcassets in Resources */ = {isa = PBXBuildFile; fileRef = 55A6A388263F912C00129EBB /* Preview Assets.xcassets */; };
		55A6A394263F912C00129EBB /* covid_gameTests.swift in Sources */ = {isa = PBXBuildFile; fileRef = 55A6A393263F912C00129EBB /* covid_gameTests.swift */; };
		55A6A39F263F912C00129EBB /* covid_gameUITests.swift in Sources */ = {isa = PBXBuildFile; fileRef = 55A6A39E263F912C00129EBB /* covid_gameUITests.swift */; };
		55A6A3C8263FBB1900129EBB /* gameViewModel.swift in Sources */ = {isa = PBXBuildFile; fileRef = 55A6A3C7263FBB1900129EBB /* gameViewModel.swift */; };
		55A6A3D3263FE25D00129EBB /* gameData.swift in Sources */ = {isa = PBXBuildFile; fileRef = 55A6A3D2263FE25D00129EBB /* gameData.swift */; };
		55A6A408264149E800129EBB /* selectRoomView.swift in Sources */ = {isa = PBXBuildFile; fileRef = 55A6A407264149E500129EBB /* selectRoomView.swift */; };
		55A6A410264152DB00129EBB /* createRoomView.swift in Sources */ = {isa = PBXBuildFile; fileRef = 55A6A40F264152DB00129EBB /* createRoomView.swift */; };
		55A6A41526416C7900129EBB /* joinRoomView.swift in Sources */ = {isa = PBXBuildFile; fileRef = 55A6A41426416C7900129EBB /* joinRoomView.swift */; };
		55A6A472264198D900129EBB /* User.swift in Sources */ = {isa = PBXBuildFile; fileRef = 55A6A471264198D900129EBB /* User.swift */; };
		55AB05882644424600D6D749 /* webSocket.swift in Sources */ = {isa = PBXBuildFile; fileRef = 55AB05872644424600D6D749 /* webSocket.swift */; };
/* End PBXBuildFile section */

/* Begin PBXContainerItemProxy section */
		55A6A390263F912C00129EBB /* PBXContainerItemProxy */ = {
			isa = PBXContainerItemProxy;
			containerPortal = 55A6A376263F912600129EBB /* Project object */;
			proxyType = 1;
			remoteGlobalIDString = 55A6A37D263F912600129EBB;
			remoteInfo = "covid-game";
		};
		55A6A39B263F912C00129EBB /* PBXContainerItemProxy */ = {
			isa = PBXContainerItemProxy;
			containerPortal = 55A6A376263F912600129EBB /* Project object */;
			proxyType = 1;
			remoteGlobalIDString = 55A6A37D263F912600129EBB;
			remoteInfo = "covid-game";
		};
/* End PBXContainerItemProxy section */

/* Begin PBXFileReference section */
		55A6A37E263F912600129EBB /* covid-game.app */ = {isa = PBXFileReference; explicitFileType = wrapper.application; includeInIndex = 0; path = "covid-game.app"; sourceTree = BUILT_PRODUCTS_DIR; };
		55A6A381263F912600129EBB /* covid_gameApp.swift */ = {isa = PBXFileReference; lastKnownFileType = sourcecode.swift; path = covid_gameApp.swift; sourceTree = "<group>"; };
		55A6A383263F912600129EBB /* gameView.swift */ = {isa = PBXFileReference; lastKnownFileType = sourcecode.swift; path = gameView.swift; sourceTree = "<group>"; };
		55A6A385263F912C00129EBB /* Assets.xcassets */ = {isa = PBXFileReference; lastKnownFileType = folder.assetcatalog; path = Assets.xcassets; sourceTree = "<group>"; };
		55A6A388263F912C00129EBB /* Preview Assets.xcassets */ = {isa = PBXFileReference; lastKnownFileType = folder.assetcatalog; path = "Preview Assets.xcassets"; sourceTree = "<group>"; };
		55A6A38A263F912C00129EBB /* Info.plist */ = {isa = PBXFileReference; lastKnownFileType = text.plist.xml; path = Info.plist; sourceTree = "<group>"; };
		55A6A38F263F912C00129EBB /* covid-gameTests.xctest */ = {isa = PBXFileReference; explicitFileType = wrapper.cfbundle; includeInIndex = 0; path = "covid-gameTests.xctest"; sourceTree = BUILT_PRODUCTS_DIR; };
		55A6A393263F912C00129EBB /* covid_gameTests.swift */ = {isa = PBXFileReference; lastKnownFileType = sourcecode.swift; path = covid_gameTests.swift; sourceTree = "<group>"; };
		55A6A395263F912C00129EBB /* Info.plist */ = {isa = PBXFileReference; lastKnownFileType = text.plist.xml; path = Info.plist; sourceTree = "<group>"; };
		55A6A39A263F912C00129EBB /* covid-gameUITests.xctest */ = {isa = PBXFileReference; explicitFileType = wrapper.cfbundle; includeInIndex = 0; path = "covid-gameUITests.xctest"; sourceTree = BUILT_PRODUCTS_DIR; };
		55A6A39E263F912C00129EBB /* covid_gameUITests.swift */ = {isa = PBXFileReference; lastKnownFileType = sourcecode.swift; path = covid_gameUITests.swift; sourceTree = "<group>"; };
		55A6A3A0263F912C00129EBB /* Info.plist */ = {isa = PBXFileReference; lastKnownFileType = text.plist.xml; path = Info.plist; sourceTree = "<group>"; };
		55A6A3C7263FBB1900129EBB /* gameViewModel.swift */ = {isa = PBXFileReference; lastKnownFileType = sourcecode.swift; path = gameViewModel.swift; sourceTree = "<group>"; };
		55A6A3D2263FE25D00129EBB /* gameData.swift */ = {isa = PBXFileReference; lastKnownFileType = sourcecode.swift; path = gameData.swift; sourceTree = "<group>"; };
		55A6A407264149E500129EBB /* selectRoomView.swift */ = {isa = PBXFileReference; lastKnownFileType = sourcecode.swift; path = selectRoomView.swift; sourceTree = "<group>"; };
		55A6A40F264152DB00129EBB /* createRoomView.swift */ = {isa = PBXFileReference; lastKnownFileType = sourcecode.swift; path = createRoomView.swift; sourceTree = "<group>"; };
		55A6A41426416C7900129EBB /* joinRoomView.swift */ = {isa = PBXFileReference; lastKnownFileType = sourcecode.swift; path = joinRoomView.swift; sourceTree = "<group>"; };
		55A6A471264198D900129EBB /* User.swift */ = {isa = PBXFileReference; lastKnownFileType = sourcecode.swift; path = User.swift; sourceTree = "<group>"; };
		55AB05872644424600D6D749 /* webSocket.swift */ = {isa = PBXFileReference; lastKnownFileType = sourcecode.swift; path = webSocket.swift; sourceTree = "<group>"; };
/* End PBXFileReference section */

/* Begin PBXFrameworksBuildPhase section */
		55A6A37B263F912600129EBB /* Frameworks */ = {
			isa = PBXFrameworksBuildPhase;
			buildActionMask = 2147483647;
			files = (
			);
			runOnlyForDeploymentPostprocessing = 0;
		};
		55A6A38C263F912C00129EBB /* Frameworks */ = {
			isa = PBXFrameworksBuildPhase;
			buildActionMask = 2147483647;
			files = (
			);
			runOnlyForDeploymentPostprocessing = 0;
		};
		55A6A397263F912C00129EBB /* Frameworks */ = {
			isa = PBXFrameworksBuildPhase;
			buildActionMask = 2147483647;
			files = (
			);
			runOnlyForDeploymentPostprocessing = 0;
		};
/* End PBXFrameworksBuildPhase section */

/* Begin PBXGroup section */
		55A6A375263F912600129EBB = {
			isa = PBXGroup;
			children = (
				55A6A380263F912600129EBB /* covid-game */,
				55A6A392263F912C00129EBB /* covid-gameTests */,
				55A6A39D263F912C00129EBB /* covid-gameUITests */,
				55A6A37F263F912600129EBB /* Products */,
			);
			sourceTree = "<group>";
		};
		55A6A37F263F912600129EBB /* Products */ = {
			isa = PBXGroup;
			children = (
				55A6A37E263F912600129EBB /* covid-game.app */,
				55A6A38F263F912C00129EBB /* covid-gameTests.xctest */,
				55A6A39A263F912C00129EBB /* covid-gameUITests.xctest */,
			);
			name = Products;
			sourceTree = "<group>";
		};
		55A6A380263F912600129EBB /* covid-game */ = {
			isa = PBXGroup;
			children = (
				55A6A381263F912600129EBB /* covid_gameApp.swift */,
				55A6A407264149E500129EBB /* selectRoomView.swift */,
				55A6A40F264152DB00129EBB /* createRoomView.swift */,
				55A6A41426416C7900129EBB /* joinRoomView.swift */,
				55AB05872644424600D6D749 /* webSocket.swift */,
				55A6A470264198CA00129EBB /* Models */,
				55A6A3AF263F930100129EBB /* avoid-yuriko */,
				55A6A385263F912C00129EBB /* Assets.xcassets */,
				55A6A38A263F912C00129EBB /* Info.plist */,
				55A6A387263F912C00129EBB /* Preview Content */,
			);
			path = "covid-game";
			sourceTree = "<group>";
		};
		55A6A387263F912C00129EBB /* Preview Content */ = {
			isa = PBXGroup;
			children = (
				55A6A388263F912C00129EBB /* Preview Assets.xcassets */,
			);
			path = "Preview Content";
			sourceTree = "<group>";
		};
		55A6A392263F912C00129EBB /* covid-gameTests */ = {
			isa = PBXGroup;
			children = (
				55A6A393263F912C00129EBB /* covid_gameTests.swift */,
				55A6A395263F912C00129EBB /* Info.plist */,
			);
			path = "covid-gameTests";
			sourceTree = "<group>";
		};
		55A6A39D263F912C00129EBB /* covid-gameUITests */ = {
			isa = PBXGroup;
			children = (
				55A6A39E263F912C00129EBB /* covid_gameUITests.swift */,
				55A6A3A0263F912C00129EBB /* Info.plist */,
			);
			path = "covid-gameUITests";
			sourceTree = "<group>";
		};
		55A6A3AF263F930100129EBB /* avoid-yuriko */ = {
			isa = PBXGroup;
			children = (
				55A6A383263F912600129EBB /* gameView.swift */,
				55A6A3C7263FBB1900129EBB /* gameViewModel.swift */,
				55A6A3D2263FE25D00129EBB /* gameData.swift */,
			);
			path = "avoid-yuriko";
			sourceTree = "<group>";
		};
		55A6A470264198CA00129EBB /* Models */ = {
			isa = PBXGroup;
			children = (
				55A6A471264198D900129EBB /* User.swift */,
			);
			path = Models;
			sourceTree = "<group>";
		};
/* End PBXGroup section */

/* Begin PBXNativeTarget section */
		55A6A37D263F912600129EBB /* covid-game */ = {
			isa = PBXNativeTarget;
			buildConfigurationList = 55A6A3A3263F912C00129EBB /* Build configuration list for PBXNativeTarget "covid-game" */;
			buildPhases = (
				55A6A37A263F912600129EBB /* Sources */,
				55A6A37B263F912600129EBB /* Frameworks */,
				55A6A37C263F912600129EBB /* Resources */,
			);
			buildRules = (
			);
			dependencies = (
			);
			name = "covid-game";
			productName = "covid-game";
			productReference = 55A6A37E263F912600129EBB /* covid-game.app */;
			productType = "com.apple.product-type.application";
		};
		55A6A38E263F912C00129EBB /* covid-gameTests */ = {
			isa = PBXNativeTarget;
			buildConfigurationList = 55A6A3A6263F912C00129EBB /* Build configuration list for PBXNativeTarget "covid-gameTests" */;
			buildPhases = (
				55A6A38B263F912C00129EBB /* Sources */,
				55A6A38C263F912C00129EBB /* Frameworks */,
				55A6A38D263F912C00129EBB /* Resources */,
			);
			buildRules = (
			);
			dependencies = (
				55A6A391263F912C00129EBB /* PBXTargetDependency */,
			);
			name = "covid-gameTests";
			productName = "covid-gameTests";
			productReference = 55A6A38F263F912C00129EBB /* covid-gameTests.xctest */;
			productType = "com.apple.product-type.bundle.unit-test";
		};
		55A6A399263F912C00129EBB /* covid-gameUITests */ = {
			isa = PBXNativeTarget;
			buildConfigurationList = 55A6A3A9263F912C00129EBB /* Build configuration list for PBXNativeTarget "covid-gameUITests" */;
			buildPhases = (
				55A6A396263F912C00129EBB /* Sources */,
				55A6A397263F912C00129EBB /* Frameworks */,
				55A6A398263F912C00129EBB /* Resources */,
			);
			buildRules = (
			);
			dependencies = (
				55A6A39C263F912C00129EBB /* PBXTargetDependency */,
			);
			name = "covid-gameUITests";
			productName = "covid-gameUITests";
			productReference = 55A6A39A263F912C00129EBB /* covid-gameUITests.xctest */;
			productType = "com.apple.product-type.bundle.ui-testing";
		};
/* End PBXNativeTarget section */

/* Begin PBXProject section */
		55A6A376263F912600129EBB /* Project object */ = {
			isa = PBXProject;
			attributes = {
				LastSwiftUpdateCheck = 1240;
				LastUpgradeCheck = 1240;
				TargetAttributes = {
					55A6A37D263F912600129EBB = {
						CreatedOnToolsVersion = 12.4;
					};
					55A6A38E263F912C00129EBB = {
						CreatedOnToolsVersion = 12.4;
						TestTargetID = 55A6A37D263F912600129EBB;
					};
					55A6A399263F912C00129EBB = {
						CreatedOnToolsVersion = 12.4;
						TestTargetID = 55A6A37D263F912600129EBB;
					};
				};
			};
			buildConfigurationList = 55A6A379263F912600129EBB /* Build configuration list for PBXProject "covid-game" */;
			compatibilityVersion = "Xcode 9.3";
			developmentRegion = en;
			hasScannedForEncodings = 0;
			knownRegions = (
				en,
				Base,
			);
			mainGroup = 55A6A375263F912600129EBB;
			productRefGroup = 55A6A37F263F912600129EBB /* Products */;
			projectDirPath = "";
			projectRoot = "";
			targets = (
				55A6A37D263F912600129EBB /* covid-game */,
				55A6A38E263F912C00129EBB /* covid-gameTests */,
				55A6A399263F912C00129EBB /* covid-gameUITests */,
			);
		};
/* End PBXProject section */

/* Begin PBXResourcesBuildPhase section */
		55A6A37C263F912600129EBB /* Resources */ = {
			isa = PBXResourcesBuildPhase;
			buildActionMask = 2147483647;
			files = (
				55A6A389263F912C00129EBB /* Preview Assets.xcassets in Resources */,
				55A6A386263F912C00129EBB /* Assets.xcassets in Resources */,
			);
			runOnlyForDeploymentPostprocessing = 0;
		};
		55A6A38D263F912C00129EBB /* Resources */ = {
			isa = PBXResourcesBuildPhase;
			buildActionMask = 2147483647;
			files = (
			);
			runOnlyForDeploymentPostprocessing = 0;
		};
		55A6A398263F912C00129EBB /* Resources */ = {
			isa = PBXResourcesBuildPhase;
			buildActionMask = 2147483647;
			files = (
			);
			runOnlyForDeploymentPostprocessing = 0;
		};
/* End PBXResourcesBuildPhase section */

/* Begin PBXSourcesBuildPhase section */
		55A6A37A263F912600129EBB /* Sources */ = {
			isa = PBXSourcesBuildPhase;
			buildActionMask = 2147483647;
			files = (
				55A6A384263F912600129EBB /* gameView.swift in Sources */,
				55A6A382263F912600129EBB /* covid_gameApp.swift in Sources */,
				55A6A3D3263FE25D00129EBB /* gameData.swift in Sources */,
				55A6A3C8263FBB1900129EBB /* gameViewModel.swift in Sources */,
				55A6A41526416C7900129EBB /* joinRoomView.swift in Sources */,
				55A6A408264149E800129EBB /* selectRoomView.swift in Sources */,
				55A6A410264152DB00129EBB /* createRoomView.swift in Sources */,
				55A6A472264198D900129EBB /* User.swift in Sources */,
				55AB05882644424600D6D749 /* webSocket.swift in Sources */,
			);
			runOnlyForDeploymentPostprocessing = 0;
		};
		55A6A38B263F912C00129EBB /* Sources */ = {
			isa = PBXSourcesBuildPhase;
			buildActionMask = 2147483647;
			files = (
				55A6A394263F912C00129EBB /* covid_gameTests.swift in Sources */,
			);
			runOnlyForDeploymentPostprocessing = 0;
		};
		55A6A396263F912C00129EBB /* Sources */ = {
			isa = PBXSourcesBuildPhase;
			buildActionMask = 2147483647;
			files = (
				55A6A39F263F912C00129EBB /* covid_gameUITests.swift in Sources */,
			);
			runOnlyForDeploymentPostprocessing = 0;
		};
/* End PBXSourcesBuildPhase section */

/* Begin PBXTargetDependency section */
		55A6A391263F912C00129EBB /* PBXTargetDependency */ = {
			isa = PBXTargetDependency;
			target = 55A6A37D263F912600129EBB /* covid-game */;
			targetProxy = 55A6A390263F912C00129EBB /* PBXContainerItemProxy */;
		};
		55A6A39C263F912C00129EBB /* PBXTargetDependency */ = {
			isa = PBXTargetDependency;
			target = 55A6A37D263F912600129EBB /* covid-game */;
			targetProxy = 55A6A39B263F912C00129EBB /* PBXContainerItemProxy */;
		};
/* End PBXTargetDependency section */

/* Begin XCBuildConfiguration section */
		55A6A3A1263F912C00129EBB /* Debug */ = {
			isa = XCBuildConfiguration;
			buildSettings = {
				ALWAYS_SEARCH_USER_PATHS = NO;
				CLANG_ANALYZER_NONNULL = YES;
				CLANG_ANALYZER_NUMBER_OBJECT_CONVERSION = YES_AGGRESSIVE;
				CLANG_CXX_LANGUAGE_STANDARD = "gnu++14";
				CLANG_CXX_LIBRARY = "libc++";
				CLANG_ENABLE_MODULES = YES;
				CLANG_ENABLE_OBJC_ARC = YES;
				CLANG_ENABLE_OBJC_WEAK = YES;
				CLANG_WARN_BLOCK_CAPTURE_AUTORELEASING = YES;
				CLANG_WARN_BOOL_CONVERSION = YES;
				CLANG_WARN_COMMA = YES;
				CLANG_WARN_CONSTANT_CONVERSION = YES;
				CLANG_WARN_DEPRECATED_OBJC_IMPLEMENTATIONS = YES;
				CLANG_WARN_DIRECT_OBJC_ISA_USAGE = YES_ERROR;
				CLANG_WARN_DOCUMENTATION_COMMENTS = YES;
				CLANG_WARN_EMPTY_BODY = YES;
				CLANG_WARN_ENUM_CONVERSION = YES;
				CLANG_WARN_INFINITE_RECURSION = YES;
				CLANG_WARN_INT_CONVERSION = YES;
				CLANG_WARN_NON_LITERAL_NULL_CONVERSION = YES;
				CLANG_WARN_OBJC_IMPLICIT_RETAIN_SELF = YES;
				CLANG_WARN_OBJC_LITERAL_CONVERSION = YES;
				CLANG_WARN_OBJC_ROOT_CLASS = YES_ERROR;
				CLANG_WARN_QUOTED_INCLUDE_IN_FRAMEWORK_HEADER = YES;
				CLANG_WARN_RANGE_LOOP_ANALYSIS = YES;
				CLANG_WARN_STRICT_PROTOTYPES = YES;
				CLANG_WARN_SUSPICIOUS_MOVE = YES;
				CLANG_WARN_UNGUARDED_AVAILABILITY = YES_AGGRESSIVE;
				CLANG_WARN_UNREACHABLE_CODE = YES;
				CLANG_WARN__DUPLICATE_METHOD_MATCH = YES;
				COPY_PHASE_STRIP = NO;
				DEBUG_INFORMATION_FORMAT = dwarf;
				ENABLE_STRICT_OBJC_MSGSEND = YES;
				ENABLE_TESTABILITY = YES;
				GCC_C_LANGUAGE_STANDARD = gnu11;
				GCC_DYNAMIC_NO_PIC = NO;
				GCC_NO_COMMON_BLOCKS = YES;
				GCC_OPTIMIZATION_LEVEL = 0;
				GCC_PREPROCESSOR_DEFINITIONS = (
					"DEBUG=1",
					"$(inherited)",
				);
				GCC_WARN_64_TO_32_BIT_CONVERSION = YES;
				GCC_WARN_ABOUT_RETURN_TYPE = YES_ERROR;
				GCC_WARN_UNDECLARED_SELECTOR = YES;
				GCC_WARN_UNINITIALIZED_AUTOS = YES_AGGRESSIVE;
				GCC_WARN_UNUSED_FUNCTION = YES;
				GCC_WARN_UNUSED_VARIABLE = YES;
				IPHONEOS_DEPLOYMENT_TARGET = 14.4;
				MTL_ENABLE_DEBUG_INFO = INCLUDE_SOURCE;
				MTL_FAST_MATH = YES;
				ONLY_ACTIVE_ARCH = YES;
				SDKROOT = iphoneos;
				SWIFT_ACTIVE_COMPILATION_CONDITIONS = DEBUG;
				SWIFT_OPTIMIZATION_LEVEL = "-Onone";
			};
			name = Debug;
		};
		55A6A3A2263F912C00129EBB /* Release */ = {
			isa = XCBuildConfiguration;
			buildSettings = {
				ALWAYS_SEARCH_USER_PATHS = NO;
				CLANG_ANALYZER_NONNULL = YES;
				CLANG_ANALYZER_NUMBER_OBJECT_CONVERSION = YES_AGGRESSIVE;
				CLANG_CXX_LANGUAGE_STANDARD = "gnu++14";
				CLANG_CXX_LIBRARY = "libc++";
				CLANG_ENABLE_MODULES = YES;
				CLANG_ENABLE_OBJC_ARC = YES;
				CLANG_ENABLE_OBJC_WEAK = YES;
				CLANG_WARN_BLOCK_CAPTURE_AUTORELEASING = YES;
				CLANG_WARN_BOOL_CONVERSION = YES;
				CLANG_WARN_COMMA = YES;
				CLANG_WARN_CONSTANT_CONVERSION = YES;
				CLANG_WARN_DEPRECATED_OBJC_IMPLEMENTATIONS = YES;
				CLANG_WARN_DIRECT_OBJC_ISA_USAGE = YES_ERROR;
				CLANG_WARN_DOCUMENTATION_COMMENTS = YES;
				CLANG_WARN_EMPTY_BODY = YES;
				CLANG_WARN_ENUM_CONVERSION = YES;
				CLANG_WARN_INFINITE_RECURSION = YES;
				CLANG_WARN_INT_CONVERSION = YES;
				CLANG_WARN_NON_LITERAL_NULL_CONVERSION = YES;
				CLANG_WARN_OBJC_IMPLICIT_RETAIN_SELF = YES;
				CLANG_WARN_OBJC_LITERAL_CONVERSION = YES;
				CLANG_WARN_OBJC_ROOT_CLASS = YES_ERROR;
				CLANG_WARN_QUOTED_INCLUDE_IN_FRAMEWORK_HEADER = YES;
				CLANG_WARN_RANGE_LOOP_ANALYSIS = YES;
				CLANG_WARN_STRICT_PROTOTYPES = YES;
				CLANG_WARN_SUSPICIOUS_MOVE = YES;
				CLANG_WARN_UNGUARDED_AVAILABILITY = YES_AGGRESSIVE;
				CLANG_WARN_UNREACHABLE_CODE = YES;
				CLANG_WARN__DUPLICATE_METHOD_MATCH = YES;
				COPY_PHASE_STRIP = NO;
				DEBUG_INFORMATION_FORMAT = "dwarf-with-dsym";
				ENABLE_NS_ASSERTIONS = NO;
				ENABLE_STRICT_OBJC_MSGSEND = YES;
				GCC_C_LANGUAGE_STANDARD = gnu11;
				GCC_NO_COMMON_BLOCKS = YES;
				GCC_WARN_64_TO_32_BIT_CONVERSION = YES;
				GCC_WARN_ABOUT_RETURN_TYPE = YES_ERROR;
				GCC_WARN_UNDECLARED_SELECTOR = YES;
				GCC_WARN_UNINITIALIZED_AUTOS = YES_AGGRESSIVE;
				GCC_WARN_UNUSED_FUNCTION = YES;
				GCC_WARN_UNUSED_VARIABLE = YES;
				IPHONEOS_DEPLOYMENT_TARGET = 14.4;
				MTL_ENABLE_DEBUG_INFO = NO;
				MTL_FAST_MATH = YES;
				SDKROOT = iphoneos;
				SWIFT_COMPILATION_MODE = wholemodule;
				SWIFT_OPTIMIZATION_LEVEL = "-O";
				VALIDATE_PRODUCT = YES;
			};
			name = Release;
		};
		55A6A3A4263F912C00129EBB /* Debug */ = {
			isa = XCBuildConfiguration;
			buildSettings = {
				ASSETCATALOG_COMPILER_APPICON_NAME = AppIcon;
				ASSETCATALOG_COMPILER_GLOBAL_ACCENT_COLOR_NAME = AccentColor;
				CODE_SIGN_STYLE = Automatic;
				DEVELOPMENT_ASSET_PATHS = "\"covid-game/Preview Content\"";
				DEVELOPMENT_TEAM = NB259T4UW7;
				ENABLE_PREVIEWS = YES;
				INFOPLIST_FILE = "covid-game/Info.plist";
				IPHONEOS_DEPLOYMENT_TARGET = 14.0;
				LD_RUNPATH_SEARCH_PATHS = (
					"$(inherited)",
					"@executable_path/Frameworks",
				);
				PRODUCT_BUNDLE_IDENTIFIER = "kunotepe.covid-game";
				PRODUCT_NAME = "$(TARGET_NAME)";
				SWIFT_VERSION = 5.0;
				TARGETED_DEVICE_FAMILY = "1,2";
			};
			name = Debug;
		};
		55A6A3A5263F912C00129EBB /* Release */ = {
			isa = XCBuildConfiguration;
			buildSettings = {
				ASSETCATALOG_COMPILER_APPICON_NAME = AppIcon;
				ASSETCATALOG_COMPILER_GLOBAL_ACCENT_COLOR_NAME = AccentColor;
				CODE_SIGN_STYLE = Automatic;
				DEVELOPMENT_ASSET_PATHS = "\"covid-game/Preview Content\"";
				DEVELOPMENT_TEAM = NB259T4UW7;
				ENABLE_PREVIEWS = YES;
				INFOPLIST_FILE = "covid-game/Info.plist";
				IPHONEOS_DEPLOYMENT_TARGET = 14.0;
				LD_RUNPATH_SEARCH_PATHS = (
					"$(inherited)",
					"@executable_path/Frameworks",
				);
				PRODUCT_BUNDLE_IDENTIFIER = "kunotepe.covid-game";
				PRODUCT_NAME = "$(TARGET_NAME)";
				SWIFT_VERSION = 5.0;
				TARGETED_DEVICE_FAMILY = "1,2";
			};
			name = Release;
		};
		55A6A3A7263F912C00129EBB /* Debug */ = {
			isa = XCBuildConfiguration;
			buildSettings = {
				ALWAYS_EMBED_SWIFT_STANDARD_LIBRARIES = YES;
				BUNDLE_LOADER = "$(TEST_HOST)";
				CODE_SIGN_STYLE = Automatic;
				DEVELOPMENT_TEAM = NB259T4UW7;
				INFOPLIST_FILE = "covid-gameTests/Info.plist";
				IPHONEOS_DEPLOYMENT_TARGET = 14.0;
				LD_RUNPATH_SEARCH_PATHS = (
					"$(inherited)",
					"@executable_path/Frameworks",
					"@loader_path/Frameworks",
				);
				PRODUCT_BUNDLE_IDENTIFIER = "kunotepe.covid-gameTests";
				PRODUCT_NAME = "$(TARGET_NAME)";
				SWIFT_VERSION = 5.0;
				TARGETED_DEVICE_FAMILY = "1,2";
				TEST_HOST = "$(BUILT_PRODUCTS_DIR)/covid-game.app/covid-game";
			};
			name = Debug;
		};
		55A6A3A8263F912C00129EBB /* Release */ = {
			isa = XCBuildConfiguration;
			buildSettings = {
				ALWAYS_EMBED_SWIFT_STANDARD_LIBRARIES = YES;
				BUNDLE_LOADER = "$(TEST_HOST)";
				CODE_SIGN_STYLE = Automatic;
				DEVELOPMENT_TEAM = NB259T4UW7;
				INFOPLIST_FILE = "covid-gameTests/Info.plist";
				IPHONEOS_DEPLOYMENT_TARGET = 14.0;
				LD_RUNPATH_SEARCH_PATHS = (
					"$(inherited)",
					"@executable_path/Frameworks",
					"@loader_path/Frameworks",
				);
				PRODUCT_BUNDLE_IDENTIFIER = "kunotepe.covid-gameTests";
				PRODUCT_NAME = "$(TARGET_NAME)";
				SWIFT_VERSION = 5.0;
				TARGETED_DEVICE_FAMILY = "1,2";
				TEST_HOST = "$(BUILT_PRODUCTS_DIR)/covid-game.app/covid-game";
			};
			name = Release;
		};
		55A6A3AA263F912C00129EBB /* Debug */ = {
			isa = XCBuildConfiguration;
			buildSettings = {
				ALWAYS_EMBED_SWIFT_STANDARD_LIBRARIES = YES;
				CODE_SIGN_STYLE = Automatic;
				DEVELOPMENT_TEAM = NB259T4UW7;
				INFOPLIST_FILE = "covid-gameUITests/Info.plist";
				LD_RUNPATH_SEARCH_PATHS = (
					"$(inherited)",
					"@executable_path/Frameworks",
					"@loader_path/Frameworks",
				);
				PRODUCT_BUNDLE_IDENTIFIER = "kunotepe.covid-gameUITests";
				PRODUCT_NAME = "$(TARGET_NAME)";
				SWIFT_VERSION = 5.0;
				TARGETED_DEVICE_FAMILY = "1,2";
				TEST_TARGET_NAME = "covid-game";
			};
			name = Debug;
		};
		55A6A3AB263F912C00129EBB /* Release */ = {
			isa = XCBuildConfiguration;
			buildSettings = {
				ALWAYS_EMBED_SWIFT_STANDARD_LIBRARIES = YES;
				CODE_SIGN_STYLE = Automatic;
				DEVELOPMENT_TEAM = NB259T4UW7;
				INFOPLIST_FILE = "covid-gameUITests/Info.plist";
				LD_RUNPATH_SEARCH_PATHS = (
					"$(inherited)",
					"@executable_path/Frameworks",
					"@loader_path/Frameworks",
				);
				PRODUCT_BUNDLE_IDENTIFIER = "kunotepe.covid-gameUITests";
				PRODUCT_NAME = "$(TARGET_NAME)";
				SWIFT_VERSION = 5.0;
				TARGETED_DEVICE_FAMILY = "1,2";
				TEST_TARGET_NAME = "covid-game";
			};
			name = Release;
		};
/* End XCBuildConfiguration section */

/* Begin XCConfigurationList section */
		55A6A379263F912600129EBB /* Build configuration list for PBXProject "covid-game" */ = {
			isa = XCConfigurationList;
			buildConfigurations = (
				55A6A3A1263F912C00129EBB /* Debug */,
				55A6A3A2263F912C00129EBB /* Release */,
			);
			defaultConfigurationIsVisible = 0;
			defaultConfigurationName = Release;
		};
		55A6A3A3263F912C00129EBB /* Build configuration list for PBXNativeTarget "covid-game" */ = {
			isa = XCConfigurationList;
			buildConfigurations = (
				55A6A3A4263F912C00129EBB /* Debug */,
				55A6A3A5263F912C00129EBB /* Release */,
			);
			defaultConfigurationIsVisible = 0;
			defaultConfigurationName = Release;
		};
		55A6A3A6263F912C00129EBB /* Build configuration list for PBXNativeTarget "covid-gameTests" */ = {
			isa = XCConfigurationList;
			buildConfigurations = (
				55A6A3A7263F912C00129EBB /* Debug */,
				55A6A3A8263F912C00129EBB /* Release */,
			);
			defaultConfigurationIsVisible = 0;
			defaultConfigurationName = Release;
		};
		55A6A3A9263F912C00129EBB /* Build configuration list for PBXNativeTarget "covid-gameUITests" */ = {
			isa = XCConfigurationList;
			buildConfigurations = (
				55A6A3AA263F912C00129EBB /* Debug */,
				55A6A3AB263F912C00129EBB /* Release */,
			);
			defaultConfigurationIsVisible = 0;
			defaultConfigurationName = Release;
		};
/* End XCConfigurationList section */
	};
	rootObject = 55A6A376263F912600129EBB /* Project object */;
}
